// !$*UTF8*$!
{
	archiveVersion = 1;
	classes = {
	};
	objectVersion = 56;
	objects = {

/* Begin PBXBuildFile section */
		D20A99A82988E2B600CC2D15 /* Assets.xcassets in Resources */ = {isa = PBXBuildFile; fileRef = D20A99A72988E2B600CC2D15 /* Assets.xcassets */; };
		D20A99AE2988E2B600CC2D15 /* keysgpt MessagesExtension.appex in Embed Foundation Extensions */ = {isa = PBXBuildFile; fileRef = D20A99AD2988E2B600CC2D15 /* keysgpt MessagesExtension.appex */; settings = {ATTRIBUTES = (RemoveHeadersOnCopy, ); }; };
		D20A99B32988E2B600CC2D15 /* Messages.framework in Frameworks */ = {isa = PBXBuildFile; fileRef = D20A99B22988E2B600CC2D15 /* Messages.framework */; };
		D20A99B62988E2B600CC2D15 /* MessagesViewController.swift in Sources */ = {isa = PBXBuildFile; fileRef = D20A99B52988E2B600CC2D15 /* MessagesViewController.swift */; };
		D20A99B92988E2B600CC2D15 /* MainInterface.storyboard in Resources */ = {isa = PBXBuildFile; fileRef = D20A99B72988E2B600CC2D15 /* MainInterface.storyboard */; };
		D20A99BB2988E2B700CC2D15 /* Assets.xcassets in Resources */ = {isa = PBXBuildFile; fileRef = D20A99BA2988E2B700CC2D15 /* Assets.xcassets */; };
/* End PBXBuildFile section */

/* Begin PBXContainerItemProxy section */
		D20A99AF2988E2B600CC2D15 /* PBXContainerItemProxy */ = {
			isa = PBXContainerItemProxy;
			containerPortal = D20A999E2988E2B500CC2D15 /* Project object */;
			proxyType = 1;
			remoteGlobalIDString = D20A99AC2988E2B600CC2D15;
			remoteInfo = "keysgpt MessagesExtension";
		};
/* End PBXContainerItemProxy section */

/* Begin PBXCopyFilesBuildPhase section */
		D20A99C22988E2B700CC2D15 /* Embed Foundation Extensions */ = {
			isa = PBXCopyFilesBuildPhase;
			buildActionMask = 2147483647;
			dstPath = "";
			dstSubfolderSpec = 13;
			files = (
				D20A99AE2988E2B600CC2D15 /* keysgpt MessagesExtension.appex in Embed Foundation Extensions */,
			);
			name = "Embed Foundation Extensions";
			runOnlyForDeploymentPostprocessing = 0;
		};
/* End PBXCopyFilesBuildPhase section */

/* Begin PBXFileReference section */
		D20A99A42988E2B500CC2D15 /* keysgpt.app */ = {isa = PBXFileReference; explicitFileType = wrapper.application; includeInIndex = 0; path = keysgpt.app; sourceTree = BUILT_PRODUCTS_DIR; };
		D20A99A72988E2B600CC2D15 /* Assets.xcassets */ = {isa = PBXFileReference; lastKnownFileType = folder.assetcatalog; path = Assets.xcassets; sourceTree = "<group>"; };
		D20A99AD2988E2B600CC2D15 /* keysgpt MessagesExtension.appex */ = {isa = PBXFileReference; explicitFileType = "wrapper.app-extension"; includeInIndex = 0; path = "keysgpt MessagesExtension.appex"; sourceTree = BUILT_PRODUCTS_DIR; };
		D20A99B22988E2B600CC2D15 /* Messages.framework */ = {isa = PBXFileReference; lastKnownFileType = wrapper.framework; name = Messages.framework; path = System/Library/Frameworks/Messages.framework; sourceTree = SDKROOT; };
		D20A99B52988E2B600CC2D15 /* MessagesViewController.swift */ = {isa = PBXFileReference; lastKnownFileType = sourcecode.swift; path = MessagesViewController.swift; sourceTree = "<group>"; };
		D20A99B82988E2B600CC2D15 /* Base */ = {isa = PBXFileReference; lastKnownFileType = file.storyboard; name = Base; path = Base.lproj/MainInterface.storyboard; sourceTree = "<group>"; };
		D20A99BA2988E2B700CC2D15 /* Assets.xcassets */ = {isa = PBXFileReference; lastKnownFileType = folder.assetcatalog; path = Assets.xcassets; sourceTree = "<group>"; };
		D20A99BC2988E2B700CC2D15 /* Info.plist */ = {isa = PBXFileReference; lastKnownFileType = text.plist.xml; path = Info.plist; sourceTree = "<group>"; };
/* End PBXFileReference section */

/* Begin PBXFrameworksBuildPhase section */
		D20A99AA2988E2B600CC2D15 /* Frameworks */ = {
			isa = PBXFrameworksBuildPhase;
			buildActionMask = 2147483647;
			files = (
				D20A99B32988E2B600CC2D15 /* Messages.framework in Frameworks */,
			);
			runOnlyForDeploymentPostprocessing = 0;
		};
/* End PBXFrameworksBuildPhase section */

/* Begin PBXGroup section */
		D20A999D2988E2B500CC2D15 = {
			isa = PBXGroup;
			children = (
				D20A99A62988E2B500CC2D15 /* keysgpt */,
				D20A99B42988E2B600CC2D15 /* keysgpt MessagesExtension */,
				D20A99B12988E2B600CC2D15 /* Frameworks */,
				D20A99A52988E2B500CC2D15 /* Products */,
			);
			sourceTree = "<group>";
		};
		D20A99A52988E2B500CC2D15 /* Products */ = {
			isa = PBXGroup;
			children = (
				D20A99A42988E2B500CC2D15 /* keysgpt.app */,
				D20A99AD2988E2B600CC2D15 /* keysgpt MessagesExtension.appex */,
			);
			name = Products;
			sourceTree = "<group>";
		};
		D20A99A62988E2B500CC2D15 /* keysgpt */ = {
			isa = PBXGroup;
			children = (
				D20A99A72988E2B600CC2D15 /* Assets.xcassets */,
			);
			path = keysgpt;
			sourceTree = "<group>";
		};
		D20A99B12988E2B600CC2D15 /* Frameworks */ = {
			isa = PBXGroup;
			children = (
				D20A99B22988E2B600CC2D15 /* Messages.framework */,
			);
			name = Frameworks;
			sourceTree = "<group>";
		};
		D20A99B42988E2B600CC2D15 /* keysgpt MessagesExtension */ = {
			isa = PBXGroup;
			children = (
				D20A99B52988E2B600CC2D15 /* MessagesViewController.swift */,
				D20A99B72988E2B600CC2D15 /* MainInterface.storyboard */,
				D20A99BA2988E2B700CC2D15 /* Assets.xcassets */,
				D20A99BC2988E2B700CC2D15 /* Info.plist */,
			);
			path = "keysgpt MessagesExtension";
			sourceTree = "<group>";
		};
/* End PBXGroup section */

/* Begin PBXNativeTarget section */
		D20A99A32988E2B500CC2D15 /* keysgpt */ = {
			isa = PBXNativeTarget;
			buildConfigurationList = D20A99C32988E2B700CC2D15 /* Build configuration list for PBXNativeTarget "keysgpt" */;
			buildPhases = (
				D20A99A22988E2B500CC2D15 /* Resources */,
				D20A99C22988E2B700CC2D15 /* Embed Foundation Extensions */,
			);
			buildRules = (
			);
			dependencies = (
				D20A99B02988E2B600CC2D15 /* PBXTargetDependency */,
			);
			name = keysgpt;
			productName = keysgpt;
			productReference = D20A99A42988E2B500CC2D15 /* keysgpt.app */;
			productType = "com.apple.product-type.application.messages";
		};
		D20A99AC2988E2B600CC2D15 /* keysgpt MessagesExtension */ = {
			isa = PBXNativeTarget;
			buildConfigurationList = D20A99BF2988E2B700CC2D15 /* Build configuration list for PBXNativeTarget "keysgpt MessagesExtension" */;
			buildPhases = (
				D20A99A92988E2B600CC2D15 /* Sources */,
				D20A99AA2988E2B600CC2D15 /* Frameworks */,
				D20A99AB2988E2B600CC2D15 /* Resources */,
			);
			buildRules = (
			);
			dependencies = (
			);
			name = "keysgpt MessagesExtension";
			productName = "keysgpt MessagesExtension";
			productReference = D20A99AD2988E2B600CC2D15 /* keysgpt MessagesExtension.appex */;
			productType = "com.apple.product-type.app-extension.messages";
		};
/* End PBXNativeTarget section */

/* Begin PBXProject section */
		D20A999E2988E2B500CC2D15 /* Project object */ = {
			isa = PBXProject;
			attributes = {
				BuildIndependentTargetsInParallel = 1;
				LastSwiftUpdateCheck = 1420;
				LastUpgradeCheck = 1420;
				TargetAttributes = {
					D20A99A32988E2B500CC2D15 = {
						CreatedOnToolsVersion = 14.2;
					};
					D20A99AC2988E2B600CC2D15 = {
						CreatedOnToolsVersion = 14.2;
					};
				};
			};
			buildConfigurationList = D20A99A12988E2B500CC2D15 /* Build configuration list for PBXProject "keysgpt" */;
			compatibilityVersion = "Xcode 14.0";
			developmentRegion = en;
			hasScannedForEncodings = 0;
			knownRegions = (
				en,
				Base,
			);
			mainGroup = D20A999D2988E2B500CC2D15;
			productRefGroup = D20A99A52988E2B500CC2D15 /* Products */;
			projectDirPath = "";
			projectRoot = "";
			targets = (
				D20A99A32988E2B500CC2D15 /* keysgpt */,
				D20A99AC2988E2B600CC2D15 /* keysgpt MessagesExtension */,
			);
		};
/* End PBXProject section */

/* Begin PBXResourcesBuildPhase section */
		D20A99A22988E2B500CC2D15 /* Resources */ = {
			isa = PBXResourcesBuildPhase;
			buildActionMask = 2147483647;
			files = (
				D20A99A82988E2B600CC2D15 /* Assets.xcassets in Resources */,
			);
			runOnlyForDeploymentPostprocessing = 0;
		};
		D20A99AB2988E2B600CC2D15 /* Resources */ = {
			isa = PBXResourcesBuildPhase;
			buildActionMask = 2147483647;
			files = (
				D20A99BB2988E2B700CC2D15 /* Assets.xcassets in Resources */,
				D20A99B92988E2B600CC2D15 /* MainInterface.storyboard in Resources */,
			);
			runOnlyForDeploymentPostprocessing = 0;
		};
/* End PBXResourcesBuildPhase section */

/* Begin PBXSourcesBuildPhase section */
		D20A99A92988E2B600CC2D15 /* Sources */ = {
			isa = PBXSourcesBuildPhase;
			buildActionMask = 2147483647;
			files = (
				D20A99B62988E2B600CC2D15 /* MessagesViewController.swift in Sources */,
			);
			runOnlyForDeploymentPostprocessing = 0;
		};
/* End PBXSourcesBuildPhase section */

/* Begin PBXTargetDependency section */
		D20A99B02988E2B600CC2D15 /* PBXTargetDependency */ = {
			isa = PBXTargetDependency;
			target = D20A99AC2988E2B600CC2D15 /* keysgpt MessagesExtension */;
			targetProxy = D20A99AF2988E2B600CC2D15 /* PBXContainerItemProxy */;
		};
/* End PBXTargetDependency section */

/* Begin PBXVariantGroup section */
		D20A99B72988E2B600CC2D15 /* MainInterface.storyboard */ = {
			isa = PBXVariantGroup;
			children = (
				D20A99B82988E2B600CC2D15 /* Base */,
			);
			name = MainInterface.storyboard;
			sourceTree = "<group>";
		};
/* End PBXVariantGroup section */

/* Begin XCBuildConfiguration section */
		D20A99BD2988E2B700CC2D15 /* Debug */ = {
			isa = XCBuildConfiguration;
			buildSettings = {
				ALWAYS_SEARCH_USER_PATHS = NO;
				CLANG_ANALYZER_NONNULL = YES;
				CLANG_ANALYZER_NUMBER_OBJECT_CONVERSION = YES_AGGRESSIVE;
				CLANG_CXX_LANGUAGE_STANDARD = "gnu++20";
				CLANG_ENABLE_MODULES = YES;
				CLANG_ENABLE_OBJC_ARC = YES;
				CLANG_ENABLE_OBJC_WEAK = YES;
				CLANG_WARN_BLOCK_CAPTURE_AUTORELEASING = YES;
				CLANG_WARN_BOOL_CONVERSION = YES;
				CLANG_WARN_COMMA = YES;
				CLANG_WARN_CONSTANT_CONVERSION = YES;
				CLANG_WARN_DEPRECATED_OBJC_IMPLEMENTATIONS = YES;
				CLANG_WARN_DIRECT_OBJC_ISA_USAGE = YES_ERROR;
				CLANG_WARN_DOCUMENTATION_COMMENTS = YES;
				CLANG_WARN_EMPTY_BODY = YES;
				CLANG_WARN_ENUM_CONVERSION = YES;
				CLANG_WARN_INFINITE_RECURSION = YES;
				CLANG_WARN_INT_CONVERSION = YES;
				CLANG_WARN_NON_LITERAL_NULL_CONVERSION = YES;
				CLANG_WARN_OBJC_IMPLICIT_RETAIN_SELF = YES;
				CLANG_WARN_OBJC_LITERAL_CONVERSION = YES;
				CLANG_WARN_OBJC_ROOT_CLASS = YES_ERROR;
				CLANG_WARN_QUOTED_INCLUDE_IN_FRAMEWORK_HEADER = YES;
				CLANG_WARN_RANGE_LOOP_ANALYSIS = YES;
				CLANG_WARN_STRICT_PROTOTYPES = YES;
				CLANG_WARN_SUSPICIOUS_MOVE = YES;
				CLANG_WARN_UNGUARDED_AVAILABILITY = YES_AGGRESSIVE;
				CLANG_WARN_UNREACHABLE_CODE = YES;
				CLANG_WARN__DUPLICATE_METHOD_MATCH = YES;
				COPY_PHASE_STRIP = NO;
				DEBUG_INFORMATION_FORMAT = dwarf;
				ENABLE_STRICT_OBJC_MSGSEND = YES;
				ENABLE_TESTABILITY = YES;
				GCC_C_LANGUAGE_STANDARD = gnu11;
				GCC_DYNAMIC_NO_PIC = NO;
				GCC_NO_COMMON_BLOCKS = YES;
				GCC_OPTIMIZATION_LEVEL = 0;
				GCC_PREPROCESSOR_DEFINITIONS = (
					"DEBUG=1",
					"$(inherited)",
				);
				GCC_WARN_64_TO_32_BIT_CONVERSION = YES;
				GCC_WARN_ABOUT_RETURN_TYPE = YES_ERROR;
				GCC_WARN_UNDECLARED_SELECTOR = YES;
				GCC_WARN_UNINITIALIZED_AUTOS = YES_AGGRESSIVE;
				GCC_WARN_UNUSED_FUNCTION = YES;
				GCC_WARN_UNUSED_VARIABLE = YES;
				IPHONEOS_DEPLOYMENT_TARGET = 16.2;
				MTL_ENABLE_DEBUG_INFO = INCLUDE_SOURCE;
				MTL_FAST_MATH = YES;
				ONLY_ACTIVE_ARCH = YES;
				SDKROOT = iphoneos;
				SWIFT_ACTIVE_COMPILATION_CONDITIONS = DEBUG;
				SWIFT_OPTIMIZATION_LEVEL = "-Onone";
			};
			name = Debug;
		};
		D20A99BE2988E2B700CC2D15 /* Release */ = {
			isa = XCBuildConfiguration;
			buildSettings = {
				ALWAYS_SEARCH_USER_PATHS = NO;
				CLANG_ANALYZER_NONNULL = YES;
				CLANG_ANALYZER_NUMBER_OBJECT_CONVERSION = YES_AGGRESSIVE;
				CLANG_CXX_LANGUAGE_STANDARD = "gnu++20";
				CLANG_ENABLE_MODULES = YES;
				CLANG_ENABLE_OBJC_ARC = YES;
				CLANG_ENABLE_OBJC_WEAK = YES;
				CLANG_WARN_BLOCK_CAPTURE_AUTORELEASING = YES;
				CLANG_WARN_BOOL_CONVERSION = YES;
				CLANG_WARN_COMMA = YES;
				CLANG_WARN_CONSTANT_CONVERSION = YES;
				CLANG_WARN_DEPRECATED_OBJC_IMPLEMENTATIONS = YES;
				CLANG_WARN_DIRECT_OBJC_ISA_USAGE = YES_ERROR;
				CLANG_WARN_DOCUMENTATION_COMMENTS = YES;
				CLANG_WARN_EMPTY_BODY = YES;
				CLANG_WARN_ENUM_CONVERSION = YES;
				CLANG_WARN_INFINITE_RECURSION = YES;
				CLANG_WARN_INT_CONVERSION = YES;
				CLANG_WARN_NON_LITERAL_NULL_CONVERSION = YES;
				CLANG_WARN_OBJC_IMPLICIT_RETAIN_SELF = YES;
				CLANG_WARN_OBJC_LITERAL_CONVERSION = YES;
				CLANG_WARN_OBJC_ROOT_CLASS = YES_ERROR;
				CLANG_WARN_QUOTED_INCLUDE_IN_FRAMEWORK_HEADER = YES;
				CLANG_WARN_RANGE_LOOP_ANALYSIS = YES;
				CLANG_WARN_STRICT_PROTOTYPES = YES;
				CLANG_WARN_SUSPICIOUS_MOVE = YES;
				CLANG_WARN_UNGUARDED_AVAILABILITY = YES_AGGRESSIVE;
				CLANG_WARN_UNREACHABLE_CODE = YES;
				CLANG_WARN__DUPLICATE_METHOD_MATCH = YES;
				COPY_PHASE_STRIP = NO;
				DEBUG_INFORMATION_FORMAT = "dwarf-with-dsym";
				ENABLE_NS_ASSERTIONS = NO;
				ENABLE_STRICT_OBJC_MSGSEND = YES;
				GCC_C_LANGUAGE_STANDARD = gnu11;
				GCC_NO_COMMON_BLOCKS = YES;
				GCC_WARN_64_TO_32_BIT_CONVERSION = YES;
				GCC_WARN_ABOUT_RETURN_TYPE = YES_ERROR;
				GCC_WARN_UNDECLARED_SELECTOR = YES;
				GCC_WARN_UNINITIALIZED_AUTOS = YES_AGGRESSIVE;
				GCC_WARN_UNUSED_FUNCTION = YES;
				GCC_WARN_UNUSED_VARIABLE = YES;
				IPHONEOS_DEPLOYMENT_TARGET = 16.2;
				MTL_ENABLE_DEBUG_INFO = NO;
				MTL_FAST_MATH = YES;
				SDKROOT = iphoneos;
				SWIFT_COMPILATION_MODE = wholemodule;
				SWIFT_OPTIMIZATION_LEVEL = "-O";
				VALIDATE_PRODUCT = YES;
			};
			name = Release;
		};
		D20A99C02988E2B700CC2D15 /* Debug */ = {
			isa = XCBuildConfiguration;
			buildSettings = {
				ASSETCATALOG_COMPILER_APPICON_NAME = "iMessage App Icon";
				CODE_SIGN_STYLE = Automatic;
				CURRENT_PROJECT_VERSION = 1;
				DEVELOPMENT_TEAM = A54RJRN89G;
				GENERATE_INFOPLIST_FILE = YES;
				INFOPLIST_FILE = "keysgpt MessagesExtension/Info.plist";
				INFOPLIST_KEY_CFBundleDisplayName = keysgpt;
				INFOPLIST_KEY_NSHumanReadableCopyright = "";
				LD_RUNPATH_SEARCH_PATHS = (
					"$(inherited)",
					"@executable_path/Frameworks",
					"@executable_path/../../Frameworks",
				);
				MARKETING_VERSION = 1.0;
				PRODUCT_BUNDLE_IDENTIFIER = orriginator.keysgpt.MessagesExtension;
				PRODUCT_NAME = "$(TARGET_NAME)";
				SKIP_INSTALL = YES;
				SWIFT_EMIT_LOC_STRINGS = YES;
				SWIFT_VERSION = 5.0;
				TARGETED_DEVICE_FAMILY = "1,2";
			};
			name = Debug;
		};
		D20A99C12988E2B700CC2D15 /* Release */ = {
			isa = XCBuildConfiguration;
			buildSettings = {
				ASSETCATALOG_COMPILER_APPICON_NAME = "iMessage App Icon";
				CODE_SIGN_STYLE = Automatic;
				CURRENT_PROJECT_VERSION = 1;
				DEVELOPMENT_TEAM = A54RJRN89G;
				GENERATE_INFOPLIST_FILE = YES;
				INFOPLIST_FILE = "keysgpt MessagesExtension/Info.plist";
				INFOPLIST_KEY_CFBundleDisplayName = keysgpt;
				INFOPLIST_KEY_NSHumanReadableCopyright = "";
				LD_RUNPATH_SEARCH_PATHS = (
					"$(inherited)",
					"@executable_path/Frameworks",
					"@executable_path/../../Frameworks",
				);
				MARKETING_VERSION = 1.0;
				PRODUCT_BUNDLE_IDENTIFIER = orriginator.keysgpt.MessagesExtension;
				PRODUCT_NAME = "$(TARGET_NAME)";
				SKIP_INSTALL = YES;
				SWIFT_EMIT_LOC_STRINGS = YES;
				SWIFT_VERSION = 5.0;
				TARGETED_DEVICE_FAMILY = "1,2";
			};
			name = Release;
		};
		D20A99C42988E2B700CC2D15 /* Debug */ = {
			isa = XCBuildConfiguration;
			buildSettings = {
				ALWAYS_EMBED_SWIFT_STANDARD_LIBRARIES = YES;
				ASSETCATALOG_COMPILER_APPICON_NAME = AppIcon;
				CODE_SIGN_STYLE = Automatic;
				CURRENT_PROJECT_VERSION = 1;
				DEVELOPMENT_TEAM = A54RJRN89G;
				GENERATE_INFOPLIST_FILE = YES;
				INFOPLIST_KEY_UILaunchStoryboardName = LaunchScreen;
				INFOPLIST_KEY_UISupportedInterfaceOrientations_iPad = "UIInterfaceOrientationPortrait UIInterfaceOrientationPortraitUpsideDown UIInterfaceOrientationLandscapeLeft UIInterfaceOrientationLandscapeRight";
				INFOPLIST_KEY_UISupportedInterfaceOrientations_iPhone = "UIInterfaceOrientationPortrait UIInterfaceOrientationLandscapeLeft UIInterfaceOrientationLandscapeRight";
				MARKETING_VERSION = 1.0;
				PRODUCT_BUNDLE_IDENTIFIER = orriginator.keysgpt;
				PRODUCT_NAME = "$(TARGET_NAME)";
				SWIFT_EMIT_LOC_STRINGS = YES;
				SWIFT_VERSION = 5.0;
				TARGETED_DEVICE_FAMILY = "1,2";
			};
			name = Debug;
		};
		D20A99C52988E2B700CC2D15 /* Release */ = {
			isa = XCBuildConfiguration;
			buildSettings = {
				ALWAYS_EMBED_SWIFT_STANDARD_LIBRARIES = YES;
				ASSETCATALOG_COMPILER_APPICON_NAME = AppIcon;
				CODE_SIGN_STYLE = Automatic;
				CURRENT_PROJECT_VERSION = 1;
				DEVELOPMENT_TEAM = A54RJRN89G;
				GENERATE_INFOPLIST_FILE = YES;
				INFOPLIST_KEY_UILaunchStoryboardName = LaunchScreen;
				INFOPLIST_KEY_UISupportedInterfaceOrientations_iPad = "UIInterfaceOrientationPortrait UIInterfaceOrientationPortraitUpsideDown UIInterfaceOrientationLandscapeLeft UIInterfaceOrientationLandscapeRight";
				INFOPLIST_KEY_UISupportedInterfaceOrientations_iPhone = "UIInterfaceOrientationPortrait UIInterfaceOrientationLandscapeLeft UIInterfaceOrientationLandscapeRight";
				MARKETING_VERSION = 1.0;
				PRODUCT_BUNDLE_IDENTIFIER = orriginator.keysgpt;
				PRODUCT_NAME = "$(TARGET_NAME)";
				SWIFT_EMIT_LOC_STRINGS = YES;
				SWIFT_VERSION = 5.0;
				TARGETED_DEVICE_FAMILY = "1,2";
			};
			name = Release;
		};
/* End XCBuildConfiguration section */

/* Begin XCConfigurationList section */
		D20A99A12988E2B500CC2D15 /* Build configuration list for PBXProject "keysgpt" */ = {
			isa = XCConfigurationList;
			buildConfigurations = (
				D20A99BD2988E2B700CC2D15 /* Debug */,
				D20A99BE2988E2B700CC2D15 /* Release */,
			);
			defaultConfigurationIsVisible = 0;
			defaultConfigurationName = Release;
		};
		D20A99BF2988E2B700CC2D15 /* Build configuration list for PBXNativeTarget "keysgpt MessagesExtension" */ = {
			isa = XCConfigurationList;
			buildConfigurations = (
				D20A99C02988E2B700CC2D15 /* Debug */,
				D20A99C12988E2B700CC2D15 /* Release */,
			);
			defaultConfigurationIsVisible = 0;
			defaultConfigurationName = Release;
		};
		D20A99C32988E2B700CC2D15 /* Build configuration list for PBXNativeTarget "keysgpt" */ = {
			isa = XCConfigurationList;
			buildConfigurations = (
				D20A99C42988E2B700CC2D15 /* Debug */,
				D20A99C52988E2B700CC2D15 /* Release */,
			);
			defaultConfigurationIsVisible = 0;
			defaultConfigurationName = Release;
		};
/* End XCConfigurationList section */
	};
	rootObject = D20A999E2988E2B500CC2D15 /* Project object */;
}
